<?xml version="1.0" encoding="utf-8"?>
<Project ToolsVersion="4.0" xmlns="http://schemas.microsoft.com/developer/msbuild/2003">
  <ItemGroup>
    <Filter Include="MMOClient">
      <UniqueIdentifier>{CD97B770-3902-6CE7-8240-1D8DEEE9493C}</UniqueIdentifier>
    </Filter>
    <Filter Include="Network">
      <UniqueIdentifier>{8F6A0D6C-FB49-8C07-0462-17DE70C0F268}</UniqueIdentifier>
    </Filter>
    <Filter Include="Server">
      <UniqueIdentifier>{7C62DFD0-6804-0AA7-51BF-1DFB3D0091F7}</UniqueIdentifier>
    </Filter>
  </ItemGroup>
  <ItemGroup>
    <ClInclude Include="src\MMOClient\Game.h">
      <Filter>MMOClient</Filter>
    </ClInclude>
    <ClInclude Include="src\MMOClient\GameClient.h">
      <Filter>MMOClient</Filter>
    </ClInclude>
    <ClInclude Include="src\MMOClient\Messages.h">
      <Filter>MMOClient</Filter>
    </ClInclude>
    <ClInclude Include="src\MMOClient\Player.h">
      <Filter>MMOClient</Filter>
    </ClInclude>
    <ClInclude Include="src\MMOClient\PlayerData.h">
      <Filter>MMOClient</Filter>
    </ClInclude>
    <ClInclude Include="src\Network\net_client.h">
      <Filter>Network</Filter>
    </ClInclude>
    <ClInclude Include="src\Network\net_connection.h">
      <Filter>Network</Filter>
    </ClInclude>
    <ClInclude Include="src\Network\net_message.h">
      <Filter>Network</Filter>
    </ClInclude>
    <ClInclude Include="src\Network\net_server.h">
      <Filter>Network</Filter>
    </ClInclude>
    <ClInclude Include="src\Network\net_tsqueue.h">
      <Filter>Network</Filter>
    </ClInclude>
    <ClInclude Include="src\Network\noodle_net.h">
      <Filter>Network</Filter>
    </ClInclude>
    <ClInclude Include="src\Server\GameServer.h">
      <Filter>Server</Filter>
    </ClInclude>
    <ClInclude Include="src\Server\SimpleServer.h">
      <Filter>Server</Filter>
    </ClInclude>
  </ItemGroup>
  <ItemGroup>
    <ClCompile Include="src\MMOClient\App.cpp">
      <Filter>MMOClient</Filter>
    </ClCompile>
    <ClCompile Include="src\MMOClient\Game.cpp">
      <Filter>MMOClient</Filter>
    </ClCompile>
    <ClCompile Include="src\MMOClient\GameClient.cpp">
      <Filter>MMOClient</Filter>
    </ClCompile>
    <ClCompile Include="src\MMOClient\Player.cpp">
      <Filter>MMOClient</Filter>
    </ClCompile>
    <ClCompile Include="src\Server\GameServer.cpp">
      <Filter>Server</Filter>
    </ClCompile>
    <ClCompile Include="src\Server\ServerApp.cpp">
      <Filter>Server</Filter>
    </ClCompile>
    <ClCompile Include="src\Server\SimpleServer.cpp">
      <Filter>Server</Filter>
    </ClCompile>
  </ItemGroup>
</Project>